
Microsoft Visual Studio Solution File, Format Version 12.00
# Visual Studio Version 16
VisualStudioVersion = 16.0.31410.357
MinimumVisualStudioVersion = 10.0.40219.1
Project("{FAE04EC0-301F-11D3-BF4B-00C04F79EFBC}") = "DataAccess", "DataAccess\DataAccess.csproj", "{B9762B62-5070-401F-BA90-F484A6E95668}"
EndProject
Project("{FAE04EC0-301F-11D3-BF4B-00C04F79EFBC}") = "Business", "Business\Business.csproj", "{084CE302-6441-49C5-A690-7935B7B35EE4}"
EndProject
Project("{FAE04EC0-301F-11D3-BF4B-00C04F79EFBC}") = "Entities", "Entities\Entities.csproj", "{4E770976-9B6F-4027-9413-95BC343B4254}"
EndProject
Project("{FAE04EC0-301F-11D3-BF4B-00C04F79EFBC}") = "ConsoleUI2", "ConsoleUI2\ConsoleUI2.csproj", "{8FBB67B2-6CA4-4065-8EC5-336A4060AB07}"
EndProject
Global
	GlobalSection(SolutionConfigurationPlatforms) = preSolution
		Debug|Any CPU = Debug|Any CPU
		Release|Any CPU = Release|Any CPU
	EndGlobalSection
	GlobalSection(ProjectConfigurationPlatforms) = postSolution
		{B9762B62-5070-401F-BA90-F484A6E95668}.Debug|Any CPU.ActiveCfg = Debug|Any CPU
		{B9762B62-5070-401F-BA90-F484A6E95668}.Debug|Any CPU.Build.0 = Debug|Any CPU
		{B9762B62-5070-401F-BA90-F484A6E95668}.Release|Any CPU.ActiveCfg = Release|Any CPU
		{B9762B62-5070-401F-BA90-F484A6E95668}.Release|Any CPU.Build.0 = Release|Any CPU
		{084CE302-6441-49C5-A690-7935B7B35EE4}.Debug|Any CPU.ActiveCfg = Debug|Any CPU
		{084CE302-6441-49C5-A690-7935B7B35EE4}.Debug|Any CPU.Build.0 = Debug|Any CPU
		{084CE302-6441-49C5-A690-7935B7B35EE4}.Release|Any CPU.ActiveCfg = Release|Any CPU
		{084CE302-6441-49C5-A690-7935B7B35EE4}.Release|Any CPU.Build.0 = Release|Any CPU
		{4E770976-9B6F-4027-9413-95BC343B4254}.Debug|Any CPU.ActiveCfg = Debug|Any CPU
		{4E770976-9B6F-4027-9413-95BC343B4254}.Debug|Any CPU.Build.0 = Debug|Any CPU
		{4E770976-9B6F-4027-9413-95BC343B4254}.Release|Any CPU.ActiveCfg = Release|Any CPU
		{4E770976-9B6F-4027-9413-95BC343B4254}.Release|Any CPU.Build.0 = Release|Any CPU
		{8FBB67B2-6CA4-4065-8EC5-336A4060AB07}.Debug|Any CPU.ActiveCfg = Debug|Any CPU
		{8FBB67B2-6CA4-4065-8EC5-336A4060AB07}.Debug|Any CPU.Build.0 = Debug|Any CPU
		{8FBB67B2-6CA4-4065-8EC5-336A4060AB07}.Release|Any CPU.ActiveCfg = Release|Any CPU
		{8FBB67B2-6CA4-4065-8EC5-336A4060AB07}.Release|Any CPU.Build.0 = Release|Any CPU
	EndGlobalSection
	GlobalSection(SolutionProperties) = preSolution
		HideSolutionNode = FALSE
	EndGlobalSection
	GlobalSection(ExtensibilityGlobals) = postSolution
		SolutionGuid = {4EAC8E90-1A64-4CB4-BC29-73F8260BE839}
	EndGlobalSection
EndGlobal
